
Microsoft Visual Studio Solution File, Format Version 12.00
# Visual Studio 2013
VisualStudioVersion = 12.0.31101.0
MinimumVisualStudioVersion = 10.0.40219.1
Project("{FAE04EC0-301F-11D3-BF4B-00C04F79EFBC}") = "contest.submission", "contest.submission\contest.submission.csproj", "{A7B143C4-C728-4EB8-A889-F174F581F5AA}"
EndProject
Project("{FAE04EC0-301F-11D3-BF4B-00C04F79EFBC}") = "contest.submissionTests", "contest.submissionTests\contest.submissionTests.csproj", "{EB3C9D73-C4FD-4AB4-A177-9497D981E61B}"
EndProject
Global
	GlobalSection(SolutionConfigurationPlatforms) = preSolution
		Debug|Any CPU = Debug|Any CPU
		Release|Any CPU = Release|Any CPU
	EndGlobalSection
	GlobalSection(ProjectConfigurationPlatforms) = postSolution
		{A7B143C4-C728-4EB8-A889-F174F581F5AA}.Debug|Any CPU.ActiveCfg = Debug|Any CPU
		{A7B143C4-C728-4EB8-A889-F174F581F5AA}.Debug|Any CPU.Build.0 = Debug|Any CPU
		{A7B143C4-C728-4EB8-A889-F174F581F5AA}.Release|Any CPU.ActiveCfg = Release|Any CPU
		{A7B143C4-C728-4EB8-A889-F174F581F5AA}.Release|Any CPU.Build.0 = Release|Any CPU
		{EB3C9D73-C4FD-4AB4-A177-9497D981E61B}.Debug|Any CPU.ActiveCfg = Debug|Any CPU
		{EB3C9D73-C4FD-4AB4-A177-9497D981E61B}.Debug|Any CPU.Build.0 = Debug|Any CPU
		{EB3C9D73-C4FD-4AB4-A177-9497D981E61B}.Release|Any CPU.ActiveCfg = Release|Any CPU
		{EB3C9D73-C4FD-4AB4-A177-9497D981E61B}.Release|Any CPU.Build.0 = Release|Any CPU
	EndGlobalSection
	GlobalSection(SolutionProperties) = preSolution
		HideSolutionNode = FALSE
	EndGlobalSection
EndGlobal
